
Microsoft Visual Studio Solution File, Format Version 12.00
# Visual Studio 15
VisualStudioVersion = 15.0.27004.2005
MinimumVisualStudioVersion = 10.0.40219.1
Project("{D954291E-2A0B-460D-934E-DC6B0785DB48}") = "JumpAgainstBalls_Xamarin", "JumpAgainstBalls_Xamarin\JumpAgainstBalls_Xamarin\JumpAgainstBalls_Xamarin.shproj", "{2A2627E9-6BA8-45E2-A40B-9356D0F4964B}"
EndProject
Project("{FAE04EC0-301F-11D3-BF4B-00C04F79EFBC}") = "JumpAgainstBalls_Xamarin.Android", "JumpAgainstBalls_Xamarin\JumpAgainstBalls_Xamarin.Android\JumpAgainstBalls_Xamarin.Android.csproj", "{FCFF81F0-E9B2-4BD9-8EC3-D1FE136E7748}"
EndProject
Project("{FAE04EC0-301F-11D3-BF4B-00C04F79EFBC}") = "JumpAgainstBalls_Xamarin.iOS", "JumpAgainstBalls_Xamarin\JumpAgainstBalls_Xamarin.iOS\JumpAgainstBalls_Xamarin.iOS.csproj", "{4A86DC20-ECE4-4E76-96B8-B49363AB8E12}"
EndProject
Project("{FAE04EC0-301F-11D3-BF4B-00C04F79EFBC}") = "JumpAgainstBalls_Xamarin.UWP", "JumpAgainstBalls_Xamarin\JumpAgainstBalls_Xamarin.UWP\JumpAgainstBalls_Xamarin.UWP.csproj", "{B94124A7-82CB-4D50-AD22-4D867EB997A8}"
EndProject
Global
	GlobalSection(SharedMSBuildProjectFiles) = preSolution
		JumpAgainstBalls_Xamarin\JumpAgainstBalls_Xamarin\JumpAgainstBalls_Xamarin.projitems*{2a2627e9-6ba8-45e2-a40b-9356d0f4964b}*SharedItemsImports = 13
		JumpAgainstBalls_Xamarin\JumpAgainstBalls_Xamarin\JumpAgainstBalls_Xamarin.projitems*{4a86dc20-ece4-4e76-96b8-b49363ab8e12}*SharedItemsImports = 4
		JumpAgainstBalls_Xamarin\JumpAgainstBalls_Xamarin\JumpAgainstBalls_Xamarin.projitems*{fcff81f0-e9b2-4bd9-8ec3-d1fe136e7748}*SharedItemsImports = 4
	EndGlobalSection
	GlobalSection(SolutionConfigurationPlatforms) = preSolution
		Ad-Hoc|Any CPU = Ad-Hoc|Any CPU
		Ad-Hoc|ARM = Ad-Hoc|ARM
		Ad-Hoc|iPhone = Ad-Hoc|iPhone
		Ad-Hoc|iPhoneSimulator = Ad-Hoc|iPhoneSimulator
		Ad-Hoc|x64 = Ad-Hoc|x64
		Ad-Hoc|x86 = Ad-Hoc|x86
		AppStore|Any CPU = AppStore|Any CPU
		AppStore|ARM = AppStore|ARM
		AppStore|iPhone = AppStore|iPhone
		AppStore|iPhoneSimulator = AppStore|iPhoneSimulator
		AppStore|x64 = AppStore|x64
		AppStore|x86 = AppStore|x86
		Debug|Any CPU = Debug|Any CPU
		Debug|ARM = Debug|ARM
		Debug|iPhone = Debug|iPhone
		Debug|iPhoneSimulator = Debug|iPhoneSimulator
		Debug|x64 = Debug|x64
		Debug|x86 = Debug|x86
		Release|Any CPU = Release|Any CPU
		Release|ARM = Release|ARM
		Release|iPhone = Release|iPhone
		Release|iPhoneSimulator = Release|iPhoneSimulator
		Release|x64 = Release|x64
		Release|x86 = Release|x86
	EndGlobalSection
	GlobalSection(ProjectConfigurationPlatforms) = postSolution
		{FCFF81F0-E9B2-4BD9-8EC3-D1FE136E7748}.Ad-Hoc|Any CPU.ActiveCfg = Release|Any CPU
		{FCFF81F0-E9B2-4BD9-8EC3-D1FE136E7748}.Ad-Hoc|Any CPU.Build.0 = Release|Any CPU
		{FCFF81F0-E9B2-4BD9-8EC3-D1FE136E7748}.Ad-Hoc|Any CPU.Deploy.0 = Release|Any CPU
		{FCFF81F0-E9B2-4BD9-8EC3-D1FE136E7748}.Ad-Hoc|ARM.ActiveCfg = Release|Any CPU
		{FCFF81F0-E9B2-4BD9-8EC3-D1FE136E7748}.Ad-Hoc|ARM.Build.0 = Release|Any CPU
		{FCFF81F0-E9B2-4BD9-8EC3-D1FE136E7748}.Ad-Hoc|ARM.Deploy.0 = Release|Any CPU
		{FCFF81F0-E9B2-4BD9-8EC3-D1FE136E7748}.Ad-Hoc|iPhone.ActiveCfg = Release|Any CPU
		{FCFF81F0-E9B2-4BD9-8EC3-D1FE136E7748}.Ad-Hoc|iPhone.Build.0 = Release|Any CPU
		{FCFF81F0-E9B2-4BD9-8EC3-D1FE136E7748}.Ad-Hoc|iPhone.Deploy.0 = Release|Any CPU
		{FCFF81F0-E9B2-4BD9-8EC3-D1FE136E7748}.Ad-Hoc|iPhoneSimulator.ActiveCfg = Release|Any CPU
		{FCFF81F0-E9B2-4BD9-8EC3-D1FE136E7748}.Ad-Hoc|iPhoneSimulator.Build.0 = Release|Any CPU
		{FCFF81F0-E9B2-4BD9-8EC3-D1FE136E7748}.Ad-Hoc|iPhoneSimulator.Deploy.0 = Release|Any CPU
		{FCFF81F0-E9B2-4BD9-8EC3-D1FE136E7748}.Ad-Hoc|x64.ActiveCfg = Release|Any CPU
		{FCFF81F0-E9B2-4BD9-8EC3-D1FE136E7748}.Ad-Hoc|x64.Build.0 = Release|Any CPU
		{FCFF81F0-E9B2-4BD9-8EC3-D1FE136E7748}.Ad-Hoc|x64.Deploy.0 = Release|Any CPU
		{FCFF81F0-E9B2-4BD9-8EC3-D1FE136E7748}.Ad-Hoc|x86.ActiveCfg = Release|Any CPU
		{FCFF81F0-E9B2-4BD9-8EC3-D1FE136E7748}.Ad-Hoc|x86.Build.0 = Release|Any CPU
		{FCFF81F0-E9B2-4BD9-8EC3-D1FE136E7748}.Ad-Hoc|x86.Deploy.0 = Release|Any CPU
		{FCFF81F0-E9B2-4BD9-8EC3-D1FE136E7748}.AppStore|Any CPU.ActiveCfg = Release|Any CPU
		{FCFF81F0-E9B2-4BD9-8EC3-D1FE136E7748}.AppStore|Any CPU.Build.0 = Release|Any CPU
		{FCFF81F0-E9B2-4BD9-8EC3-D1FE136E7748}.AppStore|Any CPU.Deploy.0 = Release|Any CPU
		{FCFF81F0-E9B2-4BD9-8EC3-D1FE136E7748}.AppStore|ARM.ActiveCfg = Release|Any CPU
		{FCFF81F0-E9B2-4BD9-8EC3-D1FE136E7748}.AppStore|ARM.Build.0 = Release|Any CPU
		{FCFF81F0-E9B2-4BD9-8EC3-D1FE136E7748}.AppStore|ARM.Deploy.0 = Release|Any CPU
		{FCFF81F0-E9B2-4BD9-8EC3-D1FE136E7748}.AppStore|iPhone.ActiveCfg = Release|Any CPU
		{FCFF81F0-E9B2-4BD9-8EC3-D1FE136E7748}.AppStore|iPhone.Build.0 = Release|Any CPU
		{FCFF81F0-E9B2-4BD9-8EC3-D1FE136E7748}.AppStore|iPhone.Deploy.0 = Release|Any CPU
		{FCFF81F0-E9B2-4BD9-8EC3-D1FE136E7748}.AppStore|iPhoneSimulator.ActiveCfg = Release|Any CPU
		{FCFF81F0-E9B2-4BD9-8EC3-D1FE136E7748}.AppStore|iPhoneSimulator.Build.0 = Release|Any CPU
		{FCFF81F0-E9B2-4BD9-8EC3-D1FE136E7748}.AppStore|iPhoneSimulator.Deploy.0 = Release|Any CPU
		{FCFF81F0-E9B2-4BD9-8EC3-D1FE136E7748}.AppStore|x64.ActiveCfg = Release|Any CPU
		{FCFF81F0-E9B2-4BD9-8EC3-D1FE136E7748}.AppStore|x64.Build.0 = Release|Any CPU
		{FCFF81F0-E9B2-4BD9-8EC3-D1FE136E7748}.AppStore|x64.Deploy.0 = Release|Any CPU
		{FCFF81F0-E9B2-4BD9-8EC3-D1FE136E7748}.AppStore|x86.ActiveCfg = Release|Any CPU
		{FCFF81F0-E9B2-4BD9-8EC3-D1FE136E7748}.AppStore|x86.Build.0 = Release|Any CPU
		{FCFF81F0-E9B2-4BD9-8EC3-D1FE136E7748}.AppStore|x86.Deploy.0 = Release|Any CPU
		{FCFF81F0-E9B2-4BD9-8EC3-D1FE136E7748}.Debug|Any CPU.ActiveCfg = Debug|Any CPU
		{FCFF81F0-E9B2-4BD9-8EC3-D1FE136E7748}.Debug|Any CPU.Build.0 = Debug|Any CPU
		{FCFF81F0-E9B2-4BD9-8EC3-D1FE136E7748}.Debug|Any CPU.Deploy.0 = Debug|Any CPU
		{FCFF81F0-E9B2-4BD9-8EC3-D1FE136E7748}.Debug|ARM.ActiveCfg = Debug|Any CPU
		{FCFF81F0-E9B2-4BD9-8EC3-D1FE136E7748}.Debug|ARM.Build.0 = Debug|Any CPU
		{FCFF81F0-E9B2-4BD9-8EC3-D1FE136E7748}.Debug|ARM.Deploy.0 = Debug|Any CPU
		{FCFF81F0-E9B2-4BD9-8EC3-D1FE136E7748}.Debug|iPhone.ActiveCfg = Debug|Any CPU
		{FCFF81F0-E9B2-4BD9-8EC3-D1FE136E7748}.Debug|iPhone.Build.0 = Debug|Any CPU
		{FCFF81F0-E9B2-4BD9-8EC3-D1FE136E7748}.Debug|iPhone.Deploy.0 = Debug|Any CPU
		{FCFF81F0-E9B2-4BD9-8EC3-D1FE136E7748}.Debug|iPhoneSimulator.ActiveCfg = Debug|Any CPU
		{FCFF81F0-E9B2-4BD9-8EC3-D1FE136E7748}.Debug|iPhoneSimulator.Build.0 = Debug|Any CPU
		{FCFF81F0-E9B2-4BD9-8EC3-D1FE136E7748}.Debug|iPhoneSimulator.Deploy.0 = Debug|Any CPU
		{FCFF81F0-E9B2-4BD9-8EC3-D1FE136E7748}.Debug|x64.ActiveCfg = Debug|Any CPU
		{FCFF81F0-E9B2-4BD9-8EC3-D1FE136E7748}.Debug|x64.Build.0 = Debug|Any CPU
		{FCFF81F0-E9B2-4BD9-8EC3-D1FE136E7748}.Debug|x64.Deploy.0 = Debug|Any CPU
		{FCFF81F0-E9B2-4BD9-8EC3-D1FE136E7748}.Debug|x86.ActiveCfg = Debug|Any CPU
		{FCFF81F0-E9B2-4BD9-8EC3-D1FE136E7748}.Debug|x86.Build.0 = Debug|Any CPU
		{FCFF81F0-E9B2-4BD9-8EC3-D1FE136E7748}.Debug|x86.Deploy.0 = Debug|Any CPU
		{FCFF81F0-E9B2-4BD9-8EC3-D1FE136E7748}.Release|Any CPU.ActiveCfg = Release|Any CPU
		{FCFF81F0-E9B2-4BD9-8EC3-D1FE136E7748}.Release|Any CPU.Build.0 = Release|Any CPU
		{FCFF81F0-E9B2-4BD9-8EC3-D1FE136E7748}.Release|Any CPU.Deploy.0 = Release|Any CPU
		{FCFF81F0-E9B2-4BD9-8EC3-D1FE136E7748}.Release|ARM.ActiveCfg = Release|Any CPU
		{FCFF81F0-E9B2-4BD9-8EC3-D1FE136E7748}.Release|ARM.Build.0 = Release|Any CPU
		{FCFF81F0-E9B2-4BD9-8EC3-D1FE136E7748}.Release|ARM.Deploy.0 = Release|Any CPU
		{FCFF81F0-E9B2-4BD9-8EC3-D1FE136E7748}.Release|iPhone.ActiveCfg = Release|Any CPU
		{FCFF81F0-E9B2-4BD9-8EC3-D1FE136E7748}.Release|iPhone.Build.0 = Release|Any CPU
		{FCFF81F0-E9B2-4BD9-8EC3-D1FE136E7748}.Release|iPhone.Deploy.0 = Release|Any CPU
		{FCFF81F0-E9B2-4BD9-8EC3-D1FE136E7748}.Release|iPhoneSimulator.ActiveCfg = Release|Any CPU
		{FCFF81F0-E9B2-4BD9-8EC3-D1FE136E7748}.Release|iPhoneSimulator.Build.0 = Release|Any CPU
		{FCFF81F0-E9B2-4BD9-8EC3-D1FE136E7748}.Release|iPhoneSimulator.Deploy.0 = Release|Any CPU
		{FCFF81F0-E9B2-4BD9-8EC3-D1FE136E7748}.Release|x64.ActiveCfg = Release|Any CPU
		{FCFF81F0-E9B2-4BD9-8EC3-D1FE136E7748}.Release|x64.Build.0 = Release|Any CPU
		{FCFF81F0-E9B2-4BD9-8EC3-D1FE136E7748}.Release|x64.Deploy.0 = Release|Any CPU
		{FCFF81F0-E9B2-4BD9-8EC3-D1FE136E7748}.Release|x86.ActiveCfg = Release|Any CPU
		{FCFF81F0-E9B2-4BD9-8EC3-D1FE136E7748}.Release|x86.Build.0 = Release|Any CPU
		{FCFF81F0-E9B2-4BD9-8EC3-D1FE136E7748}.Release|x86.Deploy.0 = Release|Any CPU
		{4A86DC20-ECE4-4E76-96B8-B49363AB8E12}.Ad-Hoc|Any CPU.ActiveCfg = Ad-Hoc|iPhoneSimulator
		{4A86DC20-ECE4-4E76-96B8-B49363AB8E12}.Ad-Hoc|ARM.ActiveCfg = Ad-Hoc|iPhone
		{4A86DC20-ECE4-4E76-96B8-B49363AB8E12}.Ad-Hoc|iPhone.ActiveCfg = Ad-Hoc|iPhone
		{4A86DC20-ECE4-4E76-96B8-B49363AB8E12}.Ad-Hoc|iPhone.Build.0 = Ad-Hoc|iPhone
		{4A86DC20-ECE4-4E76-96B8-B49363AB8E12}.Ad-Hoc|iPhoneSimulator.ActiveCfg = Ad-Hoc|iPhoneSimulator
		{4A86DC20-ECE4-4E76-96B8-B49363AB8E12}.Ad-Hoc|iPhoneSimulator.Build.0 = Ad-Hoc|iPhoneSimulator
		{4A86DC20-ECE4-4E76-96B8-B49363AB8E12}.Ad-Hoc|x64.ActiveCfg = Ad-Hoc|iPhone
		{4A86DC20-ECE4-4E76-96B8-B49363AB8E12}.Ad-Hoc|x86.ActiveCfg = Ad-Hoc|iPhone
		{4A86DC20-ECE4-4E76-96B8-B49363AB8E12}.AppStore|Any CPU.ActiveCfg = AppStore|iPhoneSimulator
		{4A86DC20-ECE4-4E76-96B8-B49363AB8E12}.AppStore|ARM.ActiveCfg = AppStore|iPhone
		{4A86DC20-ECE4-4E76-96B8-B49363AB8E12}.AppStore|iPhone.ActiveCfg = AppStore|iPhone
		{4A86DC20-ECE4-4E76-96B8-B49363AB8E12}.AppStore|iPhone.Build.0 = AppStore|iPhone
		{4A86DC20-ECE4-4E76-96B8-B49363AB8E12}.AppStore|iPhoneSimulator.ActiveCfg = AppStore|iPhoneSimulator
		{4A86DC20-ECE4-4E76-96B8-B49363AB8E12}.AppStore|iPhoneSimulator.Build.0 = AppStore|iPhoneSimulator
		{4A86DC20-ECE4-4E76-96B8-B49363AB8E12}.AppStore|x64.ActiveCfg = AppStore|iPhone
		{4A86DC20-ECE4-4E76-96B8-B49363AB8E12}.AppStore|x86.ActiveCfg = AppStore|iPhone
		{4A86DC20-ECE4-4E76-96B8-B49363AB8E12}.Debug|Any CPU.ActiveCfg = Debug|iPhoneSimulator
		{4A86DC20-ECE4-4E76-96B8-B49363AB8E12}.Debug|ARM.ActiveCfg = Debug|iPhone
		{4A86DC20-ECE4-4E76-96B8-B49363AB8E12}.Debug|iPhone.ActiveCfg = Debug|iPhone
		{4A86DC20-ECE4-4E76-96B8-B49363AB8E12}.Debug|iPhone.Build.0 = Debug|iPhone
		{4A86DC20-ECE4-4E76-96B8-B49363AB8E12}.Debug|iPhoneSimulator.ActiveCfg = Debug|iPhoneSimulator
		{4A86DC20-ECE4-4E76-96B8-B49363AB8E12}.Debug|iPhoneSimulator.Build.0 = Debug|iPhoneSimulator
		{4A86DC20-ECE4-4E76-96B8-B49363AB8E12}.Debug|x64.ActiveCfg = Debug|iPhone
		{4A86DC20-ECE4-4E76-96B8-B49363AB8E12}.Debug|x86.ActiveCfg = Debug|iPhone
		{4A86DC20-ECE4-4E76-96B8-B49363AB8E12}.Release|Any CPU.ActiveCfg = Release|iPhoneSimulator
		{4A86DC20-ECE4-4E76-96B8-B49363AB8E12}.Release|ARM.ActiveCfg = Release|iPhone
		{4A86DC20-ECE4-4E76-96B8-B49363AB8E12}.Release|iPhone.ActiveCfg = Release|iPhone
		{4A86DC20-ECE4-4E76-96B8-B49363AB8E12}.Release|iPhone.Build.0 = Release|iPhone
		{4A86DC20-ECE4-4E76-96B8-B49363AB8E12}.Release|iPhoneSimulator.ActiveCfg = Release|iPhoneSimulator
		{4A86DC20-ECE4-4E76-96B8-B49363AB8E12}.Release|iPhoneSimulator.Build.0 = Release|iPhoneSimulator
		{4A86DC20-ECE4-4E76-96B8-B49363AB8E12}.Release|x64.ActiveCfg = Release|iPhone
		{4A86DC20-ECE4-4E76-96B8-B49363AB8E12}.Release|x86.ActiveCfg = Release|iPhone
		{B94124A7-82CB-4D50-AD22-4D867EB997A8}.Ad-Hoc|Any CPU.ActiveCfg = Release|x86
		{B94124A7-82CB-4D50-AD22-4D867EB997A8}.Ad-Hoc|Any CPU.Build.0 = Release|x86
		{B94124A7-82CB-4D50-AD22-4D867EB997A8}.Ad-Hoc|Any CPU.Deploy.0 = Release|x86
		{B94124A7-82CB-4D50-AD22-4D867EB997A8}.Ad-Hoc|ARM.ActiveCfg = Release|ARM
		{B94124A7-82CB-4D50-AD22-4D867EB997A8}.Ad-Hoc|ARM.Build.0 = Release|ARM
		{B94124A7-82CB-4D50-AD22-4D867EB997A8}.Ad-Hoc|ARM.Deploy.0 = Release|ARM
		{B94124A7-82CB-4D50-AD22-4D867EB997A8}.Ad-Hoc|iPhone.ActiveCfg = Release|x86
		{B94124A7-82CB-4D50-AD22-4D867EB997A8}.Ad-Hoc|iPhone.Build.0 = Release|x86
		{B94124A7-82CB-4D50-AD22-4D867EB997A8}.Ad-Hoc|iPhone.Deploy.0 = Release|x86
		{B94124A7-82CB-4D50-AD22-4D867EB997A8}.Ad-Hoc|iPhoneSimulator.ActiveCfg = Release|x86
		{B94124A7-82CB-4D50-AD22-4D867EB997A8}.Ad-Hoc|iPhoneSimulator.Build.0 = Release|x86
		{B94124A7-82CB-4D50-AD22-4D867EB997A8}.Ad-Hoc|iPhoneSimulator.Deploy.0 = Release|x86
		{B94124A7-82CB-4D50-AD22-4D867EB997A8}.Ad-Hoc|x64.ActiveCfg = Release|x64
		{B94124A7-82CB-4D50-AD22-4D867EB997A8}.Ad-Hoc|x64.Build.0 = Release|x64
		{B94124A7-82CB-4D50-AD22-4D867EB997A8}.Ad-Hoc|x64.Deploy.0 = Release|x64
		{B94124A7-82CB-4D50-AD22-4D867EB997A8}.Ad-Hoc|x86.ActiveCfg = Release|x86
		{B94124A7-82CB-4D50-AD22-4D867EB997A8}.Ad-Hoc|x86.Build.0 = Release|x86
		{B94124A7-82CB-4D50-AD22-4D867EB997A8}.Ad-Hoc|x86.Deploy.0 = Release|x86
		{B94124A7-82CB-4D50-AD22-4D867EB997A8}.AppStore|Any CPU.ActiveCfg = Release|x86
		{B94124A7-82CB-4D50-AD22-4D867EB997A8}.AppStore|Any CPU.Build.0 = Release|x86
		{B94124A7-82CB-4D50-AD22-4D867EB997A8}.AppStore|Any CPU.Deploy.0 = Release|x86
		{B94124A7-82CB-4D50-AD22-4D867EB997A8}.AppStore|ARM.ActiveCfg = Release|ARM
		{B94124A7-82CB-4D50-AD22-4D867EB997A8}.AppStore|ARM.Build.0 = Release|ARM
		{B94124A7-82CB-4D50-AD22-4D867EB997A8}.AppStore|ARM.Deploy.0 = Release|ARM
		{B94124A7-82CB-4D50-AD22-4D867EB997A8}.AppStore|iPhone.ActiveCfg = Release|x86
		{B94124A7-82CB-4D50-AD22-4D867EB997A8}.AppStore|iPhone.Build.0 = Release|x86
		{B94124A7-82CB-4D50-AD22-4D867EB997A8}.AppStore|iPhone.Deploy.0 = Release|x86
		{B94124A7-82CB-4D50-AD22-4D867EB997A8}.AppStore|iPhoneSimulator.ActiveCfg = Release|x86
		{B94124A7-82CB-4D50-AD22-4D867EB997A8}.AppStore|iPhoneSimulator.Build.0 = Release|x86
		{B94124A7-82CB-4D50-AD22-4D867EB997A8}.AppStore|iPhoneSimulator.Deploy.0 = Release|x86
		{B94124A7-82CB-4D50-AD22-4D867EB997A8}.AppStore|x64.ActiveCfg = Release|x64
		{B94124A7-82CB-4D50-AD22-4D867EB997A8}.AppStore|x64.Build.0 = Release|x64
		{B94124A7-82CB-4D50-AD22-4D867EB997A8}.AppStore|x64.Deploy.0 = Release|x64
		{B94124A7-82CB-4D50-AD22-4D867EB997A8}.AppStore|x86.ActiveCfg = Release|x86
		{B94124A7-82CB-4D50-AD22-4D867EB997A8}.AppStore|x86.Build.0 = Release|x86
		{B94124A7-82CB-4D50-AD22-4D867EB997A8}.AppStore|x86.Deploy.0 = Release|x86
		{B94124A7-82CB-4D50-AD22-4D867EB997A8}.Debug|Any CPU.ActiveCfg = Debug|x86
		{B94124A7-82CB-4D50-AD22-4D867EB997A8}.Debug|ARM.ActiveCfg = Debug|ARM
		{B94124A7-82CB-4D50-AD22-4D867EB997A8}.Debug|ARM.Build.0 = Debug|ARM
		{B94124A7-82CB-4D50-AD22-4D867EB997A8}.Debug|ARM.Deploy.0 = Debug|ARM
		{B94124A7-82CB-4D50-AD22-4D867EB997A8}.Debug|iPhone.ActiveCfg = Debug|x86
		{B94124A7-82CB-4D50-AD22-4D867EB997A8}.Debug|iPhoneSimulator.ActiveCfg = Debug|x86
		{B94124A7-82CB-4D50-AD22-4D867EB997A8}.Debug|x64.ActiveCfg = Debug|x64
		{B94124A7-82CB-4D50-AD22-4D867EB997A8}.Debug|x64.Build.0 = Debug|x64
		{B94124A7-82CB-4D50-AD22-4D867EB997A8}.Debug|x64.Deploy.0 = Debug|x64
		{B94124A7-82CB-4D50-AD22-4D867EB997A8}.Debug|x86.ActiveCfg = Debug|x86
		{B94124A7-82CB-4D50-AD22-4D867EB997A8}.Debug|x86.Build.0 = Debug|x86
		{B94124A7-82CB-4D50-AD22-4D867EB997A8}.Debug|x86.Deploy.0 = Debug|x86
		{B94124A7-82CB-4D50-AD22-4D867EB997A8}.Release|Any CPU.ActiveCfg = Release|x86
		{B94124A7-82CB-4D50-AD22-4D867EB997A8}.Release|ARM.ActiveCfg = Release|ARM
		{B94124A7-82CB-4D50-AD22-4D867EB997A8}.Release|ARM.Build.0 = Release|ARM
		{B94124A7-82CB-4D50-AD22-4D867EB997A8}.Release|ARM.Deploy.0 = Release|ARM
		{B94124A7-82CB-4D50-AD22-4D867EB997A8}.Release|iPhone.ActiveCfg = Release|x86
		{B94124A7-82CB-4D50-AD22-4D867EB997A8}.Release|iPhoneSimulator.ActiveCfg = Release|x86
		{B94124A7-82CB-4D50-AD22-4D867EB997A8}.Release|x64.ActiveCfg = Release|x64
		{B94124A7-82CB-4D50-AD22-4D867EB997A8}.Release|x64.Build.0 = Release|x64
		{B94124A7-82CB-4D50-AD22-4D867EB997A8}.Release|x64.Deploy.0 = Release|x64
		{B94124A7-82CB-4D50-AD22-4D867EB997A8}.Release|x86.ActiveCfg = Release|x86
		{B94124A7-82CB-4D50-AD22-4D867EB997A8}.Release|x86.Build.0 = Release|x86
		{B94124A7-82CB-4D50-AD22-4D867EB997A8}.Release|x86.Deploy.0 = Release|x86
	EndGlobalSection
	GlobalSection(SolutionProperties) = preSolution
		HideSolutionNode = FALSE
	EndGlobalSection
	GlobalSection(ExtensibilityGlobals) = postSolution
		SolutionGuid = {6A74E468-41E3-4CF9-A697-123C371F9759}
	EndGlobalSection
EndGlobal
